
Microsoft Visual Studio Solution File, Format Version 12.00
# Visual Studio Version 17
VisualStudioVersion = 17.2.32602.215
MinimumVisualStudioVersion = 10.0.40219.1
Project("{2150E333-8FDC-42A3-9474-1A3956D46DE8}") = "DatabaseFiles", "DatabaseFiles", "{8A4BA8E2-B45E-4552-9E94-4A648B179E5B}"
EndProject
Project("{2150E333-8FDC-42A3-9474-1A3956D46DE8}") = "Tables", "Tables", "{ED2F2B01-B9AC-4045-B365-24404306EFD7}"
	ProjectSection(SolutionItems) = preProject
		script_001_createtables.sql = script_001_createtables.sql
	EndProjectSection
EndProject
Project("{2150E333-8FDC-42A3-9474-1A3956D46DE8}") = "Domain", "Domain", "{995C9D6D-A7CB-4D3C-9DD2-DDE34AD3F9C0}"
EndProject
Project("{2150E333-8FDC-42A3-9474-1A3956D46DE8}") = "Repositories", "Repositories", "{673156A7-3BD2-4025-BDEB-6E2639DA490C}"
EndProject
Project("{9A19103F-16F7-4668-BE54-9A1E7A4F7556}") = "IMDBInformation.Repository", "IMDBRepositoryServices\IMDBInformation.Repository.csproj", "{E6EE80AE-4E5B-494D-AD6B-457DC2333ED9}"
EndProject
Project("{9A19103F-16F7-4668-BE54-9A1E7A4F7556}") = "IMDBInformation.Domain", "IMDBDomainServices\IMDBInformation.Domain.csproj", "{6A4D413E-3BAB-4203-B21D-2DCE5DCE152F}"
EndProject
Project("{9A19103F-16F7-4668-BE54-9A1E7A4F7556}") = "IMDBInformationApiService", "IMDBInformationApiService\IMDBInformationApiService.csproj", "{D925459D-69F9-4BCB-AEDB-7DBF56287946}"
EndProject
Project("{2150E333-8FDC-42A3-9474-1A3956D46DE8}") = "StoreProcedures", "StoreProcedures", "{3FF36BD4-87CE-4D68-A1F3-9C17770A102B}"
	ProjectSection(SolutionItems) = preProject
		sp_sql_001_Create.sql = sp_sql_001_Create.sql
		sp_sql_002_Update.sql = sp_sql_002_Update.sql
	EndProjectSection
EndProject
Global
	GlobalSection(SolutionConfigurationPlatforms) = preSolution
		Debug|Any CPU = Debug|Any CPU
		Release|Any CPU = Release|Any CPU
	EndGlobalSection
	GlobalSection(ProjectConfigurationPlatforms) = postSolution
		{E6EE80AE-4E5B-494D-AD6B-457DC2333ED9}.Debug|Any CPU.ActiveCfg = Debug|Any CPU
		{E6EE80AE-4E5B-494D-AD6B-457DC2333ED9}.Debug|Any CPU.Build.0 = Debug|Any CPU
		{E6EE80AE-4E5B-494D-AD6B-457DC2333ED9}.Release|Any CPU.ActiveCfg = Release|Any CPU
		{E6EE80AE-4E5B-494D-AD6B-457DC2333ED9}.Release|Any CPU.Build.0 = Release|Any CPU
		{6A4D413E-3BAB-4203-B21D-2DCE5DCE152F}.Debug|Any CPU.ActiveCfg = Debug|Any CPU
		{6A4D413E-3BAB-4203-B21D-2DCE5DCE152F}.Debug|Any CPU.Build.0 = Debug|Any CPU
		{6A4D413E-3BAB-4203-B21D-2DCE5DCE152F}.Release|Any CPU.ActiveCfg = Release|Any CPU
		{6A4D413E-3BAB-4203-B21D-2DCE5DCE152F}.Release|Any CPU.Build.0 = Release|Any CPU
		{D925459D-69F9-4BCB-AEDB-7DBF56287946}.Debug|Any CPU.ActiveCfg = Debug|Any CPU
		{D925459D-69F9-4BCB-AEDB-7DBF56287946}.Debug|Any CPU.Build.0 = Debug|Any CPU
		{D925459D-69F9-4BCB-AEDB-7DBF56287946}.Release|Any CPU.ActiveCfg = Release|Any CPU
		{D925459D-69F9-4BCB-AEDB-7DBF56287946}.Release|Any CPU.Build.0 = Release|Any CPU
	EndGlobalSection
	GlobalSection(SolutionProperties) = preSolution
		HideSolutionNode = FALSE
	EndGlobalSection
	GlobalSection(NestedProjects) = preSolution
		{ED2F2B01-B9AC-4045-B365-24404306EFD7} = {8A4BA8E2-B45E-4552-9E94-4A648B179E5B}
		{E6EE80AE-4E5B-494D-AD6B-457DC2333ED9} = {673156A7-3BD2-4025-BDEB-6E2639DA490C}
		{6A4D413E-3BAB-4203-B21D-2DCE5DCE152F} = {995C9D6D-A7CB-4D3C-9DD2-DDE34AD3F9C0}
		{3FF36BD4-87CE-4D68-A1F3-9C17770A102B} = {8A4BA8E2-B45E-4552-9E94-4A648B179E5B}
	EndGlobalSection
	GlobalSection(ExtensibilityGlobals) = postSolution
		SolutionGuid = {02D57FD1-4C74-46AB-9228-288C1197540D}
	EndGlobalSection
EndGlobal
